
Microsoft Visual Studio Solution File, Format Version 12.00
# Visual Studio 15
VisualStudioVersion = 15.0.26430.6
MinimumVisualStudioVersion = 10.0.40219.1
Project("{9A19103F-16F7-4668-BE54-9A1E7A4F7556}") = "DIAttributeRegistrar", "DIAttributeRegistrar\DIAttributeRegistrar.csproj", "{FC4FE8D1-387E-4491-BDAC-A6BD790A1A94}"
EndProject
Global
	GlobalSection(SolutionConfigurationPlatforms) = preSolution
		Debug|Any CPU = Debug|Any CPU
		Release|Any CPU = Release|Any CPU
	EndGlobalSection
	GlobalSection(ProjectConfigurationPlatforms) = postSolution
		{FC4FE8D1-387E-4491-BDAC-A6BD790A1A94}.Debug|Any CPU.ActiveCfg = Debug|Any CPU
		{FC4FE8D1-387E-4491-BDAC-A6BD790A1A94}.Debug|Any CPU.Build.0 = Debug|Any CPU
		{FC4FE8D1-387E-4491-BDAC-A6BD790A1A94}.Release|Any CPU.ActiveCfg = Release|Any CPU
		{FC4FE8D1-387E-4491-BDAC-A6BD790A1A94}.Release|Any CPU.Build.0 = Release|Any CPU
	EndGlobalSection
	GlobalSection(SolutionProperties) = preSolution
		HideSolutionNode = FALSE
	EndGlobalSection
EndGlobal
